
Microsoft Visual Studio Solution File, Format Version 12.00
# Visual Studio Version 17
VisualStudioVersion = 17.14.36414.22 d17.14
MinimumVisualStudioVersion = 10.0.40219.1
Project("{FAE04EC0-301F-11D3-BF4B-00C04F79EFBC}") = "lab4_tekutova_isp-231", "lab4_tekutova_isp-231\lab4_tekutova_isp-231.csproj", "{7A9D0C0D-E136-42B7-B0AC-1D14C79D9E15}"
EndProject
Global
	GlobalSection(SolutionConfigurationPlatforms) = preSolution
		Debug|Any CPU = Debug|Any CPU
		Release|Any CPU = Release|Any CPU
	EndGlobalSection
	GlobalSection(ProjectConfigurationPlatforms) = postSolution
		{7A9D0C0D-E136-42B7-B0AC-1D14C79D9E15}.Debug|Any CPU.ActiveCfg = Debug|Any CPU
		{7A9D0C0D-E136-42B7-B0AC-1D14C79D9E15}.Debug|Any CPU.Build.0 = Debug|Any CPU
		{7A9D0C0D-E136-42B7-B0AC-1D14C79D9E15}.Release|Any CPU.ActiveCfg = Release|Any CPU
		{7A9D0C0D-E136-42B7-B0AC-1D14C79D9E15}.Release|Any CPU.Build.0 = Release|Any CPU
	EndGlobalSection
	GlobalSection(SolutionProperties) = preSolution
		HideSolutionNode = FALSE
	EndGlobalSection
	GlobalSection(ExtensibilityGlobals) = postSolution
		SolutionGuid = {FDB7DC8A-23F2-455F-B02F-DC9824C7A937}
	EndGlobalSection
EndGlobal
